github.com/muquit/gomail v1.0.4 h1:TiDfTBqaTtDhxibHR5MyBtr0N+y4WzmFn7gmHteZ7dg=
github.com/muquit/gomail v1.0.4/go.mod h1:V4KPZvkrkCPcCWPseZaT+xDLLN2YP3NNaWhN37nvYX4=
github.com/muquit/quotedprintable v1.0.1 h1:bZuUoKUR620xX7hgEhs8lkdGPLH+gLR9F/4KtH794IU=
github.com/muquit/quotedprintable v1.0.1/go.mod h1:iSWuGIASzcWWZBgwtpv7LhWZBm5rh89F28HkKyOL6g8=
