github.com/muquit/gomail v0.0.0-20250704205629-a34fa7a15a08 h1:ckrCew8u4boC/bkZEwN1nuTbojRk0d76gIRckEfGltg=
github.com/muquit/gomail v0.0.0-20250704205629-a34fa7a15a08/go.mod h1:T5JnNPiCihCfjyizcDuGU7UcxrzoDLLHDVQM2avXsuo=
github.com/muquit/quotedprintable v0.0.0-20250204043250-71206103869d h1:9VVrA0eeIBiOB7URlpaC+xxKNzS4sG+ktKepfbTbzEE=
github.com/muquit/quotedprintable v0.0.0-20250204043250-71206103869d/go.mod h1:iSWuGIASzcWWZBgwtpv7LhWZBm5rh89F28HkKyOL6g8=
