github.com/muquit/gomail v1.0.2 h1:n7JdPC3Bfshim8SBcQ0Sepm8C0C4fWECIwqzfFink8c=
github.com/muquit/gomail v1.0.2/go.mod h1:Dc/G6cYwASW7rWI7kRjndzHVm49N7+5PgH8ADE3NuD8=
github.com/muquit/gomail v1.0.3-0.20260506023929-c2b97432f706 h1:MddKzrLdw36SNFdkh0PTCn+RfNWfy+nFagYaw6S2gIM=
github.com/muquit/gomail v1.0.3-0.20260506023929-c2b97432f706/go.mod h1:Dc/G6cYwASW7rWI7kRjndzHVm49N7+5PgH8ADE3NuD8=
github.com/muquit/quotedprintable v0.0.0-20250204043250-71206103869d h1:9VVrA0eeIBiOB7URlpaC+xxKNzS4sG+ktKepfbTbzEE=
github.com/muquit/quotedprintable v0.0.0-20250204043250-71206103869d/go.mod h1:iSWuGIASzcWWZBgwtpv7LhWZBm5rh89F28HkKyOL6g8=
